// !$*UTF8*$!
{
	archiveVersion = 1;
	classes = {
	};
	objectVersion = 54;
	objects = {

/* Begin PBXAggregateTarget section */
		24E9E8DFCA3C4414A62BDEE8 /* ALL_BUILD */ = {
			isa = PBXAggregateTarget;
			buildConfigurationList = 52158807FFD94E0297315FC2 /* Build configuration list for PBXAggregateTarget "ALL_BUILD" */;
			buildPhases = (
				08D484430FD46C86387BFBB9 /* Generate CMakeFiles/ALL_BUILD */,
			);
			dependencies = (
				ABF3F170CD3848079319F65C /* PBXTargetDependency */,
				D1695CFFDF214740BC37C072 /* PBXTargetDependency */,
			);
			name = ALL_BUILD;
			productName = ALL_BUILD;
		};
		DBE4D5EA77E3498E83D3178F /* ZERO_CHECK */ = {
			isa = PBXAggregateTarget;
			buildConfigurationList = E783FB9E3E18427592A99D09 /* Build configuration list for PBXAggregateTarget "ZERO_CHECK" */;
			buildPhases = (
				D4D7A2B74F000103B72FB7A6 /* Generate CMakeFiles/ZERO_CHECK */,
			);
			dependencies = (
			);
			name = ZERO_CHECK;
			productName = ZERO_CHECK;
		};
/* End PBXAggregateTarget section */

/* Begin PBXBuildFile section */
		00343F5A2B251A440058A1D7 /* main.cpp in Sources */ = {isa = PBXBuildFile; fileRef = 00343F582B251A440058A1D7 /* main.cpp */; };
		00343F632B251C620058A1D7 /* figure.cpp in Sources */ = {isa = PBXBuildFile; fileRef = 00343F612B251C620058A1D7 /* figure.cpp */; };
		01CD6B02E7E747B98A77F80F /* rectangle.cpp in Sources */ = {isa = PBXBuildFile; fileRef = C1F641FBBD064EB4908C7E05 /* rectangle.cpp */; };
		077B44F984534B299F594EC1 /* square.cpp in Sources */ = {isa = PBXBuildFile; fileRef = EC30714EA58848F8AB6B6079 /* square.cpp */; };
		3DD11597EA774AFFBBEF22A4 /* parallelogram.cpp in Sources */ = {isa = PBXBuildFile; fileRef = 29A5EC3B2289413284839CDA /* parallelogram.cpp */; };
		522B54DE9FEF45D98AB4C054 /* quadrilateral.cpp in Sources */ = {isa = PBXBuildFile; fileRef = C3C4786312374AFC9E9F7271 /* quadrilateral.cpp */; };
		65DDC4F3E1A54B29A98B195C /* rhomb.cpp in Sources */ = {isa = PBXBuildFile; fileRef = A73EB995876B4C12A2DBADC3 /* rhomb.cpp */; };
		C0469F0FDB7C4830A208C561 /* isosceles_triangle.cpp in Sources */ = {isa = PBXBuildFile; fileRef = 44BB076E4C6F43879417C517 /* isosceles_triangle.cpp */; };
		C51CA8CA188943BBB39A6B26 /* triangle.cpp in Sources */ = {isa = PBXBuildFile; fileRef = EF5C9E0C4BEC4E90A59228A1 /* triangle.cpp */; };
		DAEB51B033D44330875AC2EB /* right_triangle.cpp in Sources */ = {isa = PBXBuildFile; fileRef = F0C01856C36E4A2A86832289 /* right_triangle.cpp */; };
		ED90C5E060DB4AC5AFAD9DDF /* equilateral_triangle.cpp in Sources */ = {isa = PBXBuildFile; fileRef = DE56C8A89FBC48578C20E160 /* equilateral_triangle.cpp */; };
/* End PBXBuildFile section */

/* Begin PBXContainerItemProxy section */
		6B2343D34C5E41AAB10169FC /* PBXContainerItemProxy */ = {
			isa = PBXContainerItemProxy;
			containerPortal = FB16A2B53FE04F61BBBD66EF /* Project object */;
			proxyType = 1;
			remoteGlobalIDString = FB835F4882B44F77A489FF6B;
			remoteInfo = main.cpp;
		};
		D79B14EE5D5E4B89B808172E /* PBXContainerItemProxy */ = {
			isa = PBXContainerItemProxy;
			containerPortal = FB16A2B53FE04F61BBBD66EF /* Project object */;
			proxyType = 1;
			remoteGlobalIDString = DBE4D5EA77E3498E83D3178F;
			remoteInfo = ZERO_CHECK;
		};
		F3B0DE912EBD4961ABBBD957 /* PBXContainerItemProxy */ = {
			isa = PBXContainerItemProxy;
			containerPortal = FB16A2B53FE04F61BBBD66EF /* Project object */;
			proxyType = 1;
			remoteGlobalIDString = DBE4D5EA77E3498E83D3178F;
			remoteInfo = ZERO_CHECK;
		};
/* End PBXContainerItemProxy section */

/* Begin PBXFileReference section */
		00343F582B251A440058A1D7 /* main.cpp */ = {isa = PBXFileReference; lastKnownFileType = sourcecode.cpp.cpp; name = main.cpp; path = "cppm-homework-06.03/main.cpp"; sourceTree = "<group>"; };
		00343F592B251A440058A1D7 /* main.hpp */ = {isa = PBXFileReference; lastKnownFileType = sourcecode.cpp.h; name = main.hpp; path = "cppm-homework-06.03/main.hpp"; sourceTree = "<group>"; };
		00343F612B251C620058A1D7 /* figure.cpp */ = {isa = PBXFileReference; lastKnownFileType = sourcecode.cpp.cpp; path = figure.cpp; sourceTree = "<group>"; };
		00343F622B251C620058A1D7 /* figure.hpp */ = {isa = PBXFileReference; lastKnownFileType = sourcecode.cpp.h; path = figure.hpp; sourceTree = "<group>"; };
		0F79481E92E7492A92E41C6D /* rhomb.hpp */ = {isa = PBXFileReference; explicitFileType = sourcecode.cpp.h; fileEncoding = 4; path = rhomb.hpp; sourceTree = SOURCE_ROOT; };
		1ED3C04A268D498B8E6FD975 /* equilateral_triangle.hpp */ = {isa = PBXFileReference; explicitFileType = sourcecode.cpp.h; fileEncoding = 4; path = equilateral_triangle.hpp; sourceTree = SOURCE_ROOT; };
		29A5EC3B2289413284839CDA /* parallelogram.cpp */ = {isa = PBXFileReference; explicitFileType = sourcecode.cpp.cpp; fileEncoding = 4; path = parallelogram.cpp; sourceTree = SOURCE_ROOT; };
		2EADCB8FA52E47DBBA24AB8A /* right_triangle.hpp */ = {isa = PBXFileReference; explicitFileType = sourcecode.cpp.h; fileEncoding = 4; path = right_triangle.hpp; sourceTree = SOURCE_ROOT; };
		38C53AF9577540199ADE8EEC /* main.cpp */ = {isa = PBXFileReference; explicitFileType = "compiled.mach-o.executable"; path = main.cpp; sourceTree = BUILT_PRODUCTS_DIR; };
		3A82B08E284A4E81973BE8EE /* rectangle.hpp */ = {isa = PBXFileReference; explicitFileType = sourcecode.cpp.h; fileEncoding = 4; path = rectangle.hpp; sourceTree = SOURCE_ROOT; };
		44BB076E4C6F43879417C517 /* isosceles_triangle.cpp */ = {isa = PBXFileReference; explicitFileType = sourcecode.cpp.cpp; fileEncoding = 4; path = isosceles_triangle.cpp; sourceTree = SOURCE_ROOT; };
		5355B117FEEA4012AF267C87 /* square.hpp */ = {isa = PBXFileReference; explicitFileType = sourcecode.cpp.h; fileEncoding = 4; path = square.hpp; sourceTree = SOURCE_ROOT; };
		555C28884E494C55829FD698 /* triangle.hpp */ = {isa = PBXFileReference; explicitFileType = sourcecode.cpp.h; fileEncoding = 4; path = triangle.hpp; sourceTree = SOURCE_ROOT; };
		5B825BD425BE4AA0AD6D8C4C /* parallelogram.hpp */ = {isa = PBXFileReference; explicitFileType = sourcecode.cpp.h; fileEncoding = 4; path = parallelogram.hpp; sourceTree = SOURCE_ROOT; };
		A73EB995876B4C12A2DBADC3 /* rhomb.cpp */ = {isa = PBXFileReference; explicitFileType = sourcecode.cpp.cpp; fileEncoding = 4; path = rhomb.cpp; sourceTree = SOURCE_ROOT; };
		AF41B8FFA63D4F5B968ACD44 /* quadrilateral.hpp */ = {isa = PBXFileReference; explicitFileType = sourcecode.cpp.h; fileEncoding = 4; path = quadrilateral.hpp; sourceTree = SOURCE_ROOT; };
		B71B3D9CED4143B280942F62 /* CMakeLists.txt */ = {isa = PBXFileReference; explicitFileType = sourcecode.text; fileEncoding = 4; lastKnownFileType = text; path = CMakeLists.txt; sourceTree = SOURCE_ROOT; };
		C1F641FBBD064EB4908C7E05 /* rectangle.cpp */ = {isa = PBXFileReference; explicitFileType = sourcecode.cpp.cpp; fileEncoding = 4; path = rectangle.cpp; sourceTree = SOURCE_ROOT; };
		C374BE55FBB94E9691217B4F /* isosceles_triangle.hpp */ = {isa = PBXFileReference; explicitFileType = sourcecode.cpp.h; fileEncoding = 4; path = isosceles_triangle.hpp; sourceTree = SOURCE_ROOT; };
		C3C4786312374AFC9E9F7271 /* quadrilateral.cpp */ = {isa = PBXFileReference; explicitFileType = sourcecode.cpp.cpp; fileEncoding = 4; path = quadrilateral.cpp; sourceTree = SOURCE_ROOT; };
		DE56C8A89FBC48578C20E160 /* equilateral_triangle.cpp */ = {isa = PBXFileReference; explicitFileType = sourcecode.cpp.cpp; fileEncoding = 4; path = equilateral_triangle.cpp; sourceTree = SOURCE_ROOT; };
		EBCB24B38BE24200A3E0EFE8 /* CMakeLists.txt */ = {isa = PBXFileReference; explicitFileType = sourcecode.text; fileEncoding = 4; lastKnownFileType = text; path = CMakeLists.txt; sourceTree = SOURCE_ROOT; };
		EC30714EA58848F8AB6B6079 /* square.cpp */ = {isa = PBXFileReference; explicitFileType = sourcecode.cpp.cpp; fileEncoding = 4; path = square.cpp; sourceTree = SOURCE_ROOT; };
		EF5C9E0C4BEC4E90A59228A1 /* triangle.cpp */ = {isa = PBXFileReference; explicitFileType = sourcecode.cpp.cpp; fileEncoding = 4; path = triangle.cpp; sourceTree = SOURCE_ROOT; };
		F0C01856C36E4A2A86832289 /* right_triangle.cpp */ = {isa = PBXFileReference; explicitFileType = sourcecode.cpp.cpp; fileEncoding = 4; path = right_triangle.cpp; sourceTree = SOURCE_ROOT; };
/* End PBXFileReference section */

/* Begin PBXFrameworksBuildPhase section */
		2F2249084C4B42429F75AAC8 /* Frameworks */ = {
			isa = PBXFrameworksBuildPhase;
			buildActionMask = 2147483647;
			files = (
			);
			runOnlyForDeploymentPostprocessing = 0;
		};
/* End PBXFrameworksBuildPhase section */

/* Begin PBXGroup section */
		458DFC321A984FBF94B22CA4 /* main.cpp */ = {
			isa = PBXGroup;
			children = (
				D8837B2AF64F407BA044E064 /* Header Files */,
				D65BD2E2989046EEA4FEB4EF /* Source Files */,
				B71B3D9CED4143B280942F62 /* CMakeLists.txt */,
			);
			name = main.cpp;
			sourceTree = "<group>";
		};
		4E865ADDB95C4E3595B3739E = {
			isa = PBXGroup;
			children = (
				458DFC321A984FBF94B22CA4 /* main.cpp */,
				A85BAB0261534B829340D193 /* ALL_BUILD */,
				C05E3B889D994A7DADA00932 /* Products */,
				7BC1BEDB7C2F4061819040A4 /* Frameworks */,
				92E38AABD9C44CEA963C3CB0 /* Resources */,
			);
			sourceTree = "<group>";
		};
		7BC1BEDB7C2F4061819040A4 /* Frameworks */ = {
			isa = PBXGroup;
			children = (
			);
			name = Frameworks;
			sourceTree = "<group>";
		};
		92E38AABD9C44CEA963C3CB0 /* Resources */ = {
			isa = PBXGroup;
			children = (
			);
			name = Resources;
			sourceTree = "<group>";
		};
		A85BAB0261534B829340D193 /* ALL_BUILD */ = {
			isa = PBXGroup;
			children = (
				C3FCE65775DE421AB19A76E9 /* CMake Rules */,
				EBCB24B38BE24200A3E0EFE8 /* CMakeLists.txt */,
			);
			name = ALL_BUILD;
			sourceTree = "<group>";
		};
		C05E3B889D994A7DADA00932 /* Products */ = {
			isa = PBXGroup;
			children = (
				38C53AF9577540199ADE8EEC /* main.cpp */,
			);
			name = Products;
			sourceTree = "<group>";
		};
		C3FCE65775DE421AB19A76E9 /* CMake Rules */ = {
			isa = PBXGroup;
			children = (
			);
			name = "CMake Rules";
			sourceTree = "<group>";
		};
		D65BD2E2989046EEA4FEB4EF /* Source Files */ = {
			isa = PBXGroup;
			children = (
				00343F612B251C620058A1D7 /* figure.cpp */,
				DE56C8A89FBC48578C20E160 /* equilateral_triangle.cpp */,
				44BB076E4C6F43879417C517 /* isosceles_triangle.cpp */,
				29A5EC3B2289413284839CDA /* parallelogram.cpp */,
				C3C4786312374AFC9E9F7271 /* quadrilateral.cpp */,
				C1F641FBBD064EB4908C7E05 /* rectangle.cpp */,
				A73EB995876B4C12A2DBADC3 /* rhomb.cpp */,
				F0C01856C36E4A2A86832289 /* right_triangle.cpp */,
				00343F582B251A440058A1D7 /* main.cpp */,
				EC30714EA58848F8AB6B6079 /* square.cpp */,
				EF5C9E0C4BEC4E90A59228A1 /* triangle.cpp */,
			);
			name = "Source Files";
			sourceTree = "<group>";
		};
		D8837B2AF64F407BA044E064 /* Header Files */ = {
			isa = PBXGroup;
			children = (
				00343F622B251C620058A1D7 /* figure.hpp */,
				1ED3C04A268D498B8E6FD975 /* equilateral_triangle.hpp */,
				C374BE55FBB94E9691217B4F /* isosceles_triangle.hpp */,
				5B825BD425BE4AA0AD6D8C4C /* parallelogram.hpp */,
				AF41B8FFA63D4F5B968ACD44 /* quadrilateral.hpp */,
				3A82B08E284A4E81973BE8EE /* rectangle.hpp */,
				0F79481E92E7492A92E41C6D /* rhomb.hpp */,
				2EADCB8FA52E47DBBA24AB8A /* right_triangle.hpp */,
				00343F592B251A440058A1D7 /* main.hpp */,
				5355B117FEEA4012AF267C87 /* square.hpp */,
				555C28884E494C55829FD698 /* triangle.hpp */,
			);
			name = "Header Files";
			sourceTree = "<group>";
		};
/* End PBXGroup section */

/* Begin PBXNativeTarget section */
		FB835F4882B44F77A489FF6B /* main.cpp */ = {
			isa = PBXNativeTarget;
			buildConfigurationList = 7571D7C92AF7454E8BD43C64 /* Build configuration list for PBXNativeTarget "main.cpp" */;
			buildPhases = (
				EB28709FF79145458072EEE3 /* Sources */,
				2F2249084C4B42429F75AAC8 /* Frameworks */,
			);
			buildRules = (
			);
			dependencies = (
				0C89565BED7E4B12BC81FED1 /* PBXTargetDependency */,
			);
			name = main.cpp;
			productName = main.cpp;
			productReference = 38C53AF9577540199ADE8EEC /* main.cpp */;
			productType = "com.apple.product-type.tool";
		};
/* End PBXNativeTarget section */

/* Begin PBXProject section */
		FB16A2B53FE04F61BBBD66EF /* Project object */ = {
			isa = PBXProject;
			attributes = {
				LastUpgradeCheck = 1420;
			};
			buildConfigurationList = 5312369B597B4CE1A5E8F9D0 /* Build configuration list for PBXProject "cppm-homework-06.03" */;
			compatibilityVersion = "Xcode 3.2";
			developmentRegion = en;
			hasScannedForEncodings = 0;
			knownRegions = (
				en,
				Base,
			);
			mainGroup = 4E865ADDB95C4E3595B3739E;
			projectDirPath = "";
			projectRoot = "";
			targets = (
				24E9E8DFCA3C4414A62BDEE8 /* ALL_BUILD */,
				DBE4D5EA77E3498E83D3178F /* ZERO_CHECK */,
				FB835F4882B44F77A489FF6B /* main.cpp */,
			);
		};
/* End PBXProject section */

/* Begin PBXShellScriptBuildPhase section */
		08D484430FD46C86387BFBB9 /* Generate CMakeFiles/ALL_BUILD */ = {
			isa = PBXShellScriptBuildPhase;
			alwaysOutOfDate = 1;
			buildActionMask = 2147483647;
			files = (
			);
			inputPaths = (
			);
			name = "Generate CMakeFiles/ALL_BUILD";
			outputPaths = (
				"/Users/a/Desktop/Programming/Netology/cppm-homeworks/cppm-homework_06/cppm-homework-06.03/CMakeFiles/ALL_BUILD",
			);
			runOnlyForDeploymentPostprocessing = 0;
			shellPath = /bin/sh;
			shellScript = "set -e\nif test \"$CONFIGURATION\" = \"Debug\"; then :\n  cd /Users/a/Desktop/Programming/Netology/cppm-homeworks/cppm-homework_06/cppm-homework-06.03\n  echo Build\\ all\\ projects\nfi\nif test \"$CONFIGURATION\" = \"Release\"; then :\n  cd /Users/a/Desktop/Programming/Netology/cppm-homeworks/cppm-homework_06/cppm-homework-06.03\n  echo Build\\ all\\ projects\nfi\nif test \"$CONFIGURATION\" = \"MinSizeRel\"; then :\n  cd /Users/a/Desktop/Programming/Netology/cppm-homeworks/cppm-homework_06/cppm-homework-06.03\n  echo Build\\ all\\ projects\nfi\nif test \"$CONFIGURATION\" = \"RelWithDebInfo\"; then :\n  cd /Users/a/Desktop/Programming/Netology/cppm-homeworks/cppm-homework_06/cppm-homework-06.03\n  echo Build\\ all\\ projects\nfi\n";
			showEnvVarsInLog = 0;
		};
		D4D7A2B74F000103B72FB7A6 /* Generate CMakeFiles/ZERO_CHECK */ = {
			isa = PBXShellScriptBuildPhase;
			alwaysOutOfDate = 1;
			buildActionMask = 2147483647;
			files = (
			);
			inputPaths = (
			);
			name = "Generate CMakeFiles/ZERO_CHECK";
			outputPaths = (
				"/Users/a/Desktop/Programming/Netology/cppm-homeworks/cppm-homework_06/cppm-homework-06.03/CMakeFiles/ZERO_CHECK",
			);
			runOnlyForDeploymentPostprocessing = 0;
			shellPath = /bin/sh;
			shellScript = "set -e\nif test \"$CONFIGURATION\" = \"Debug\"; then :\n  cd /Users/a/Desktop/Programming/Netology/cppm-homeworks/cppm-homework_06/cppm-homework-06.03\n  make -f /Users/a/Desktop/Programming/Netology/cppm-homeworks/cppm-homework_06/cppm-homework-06.03/CMakeScripts/ReRunCMake.make\nfi\nif test \"$CONFIGURATION\" = \"Release\"; then :\n  cd /Users/a/Desktop/Programming/Netology/cppm-homeworks/cppm-homework_06/cppm-homework-06.03\n  make -f /Users/a/Desktop/Programming/Netology/cppm-homeworks/cppm-homework_06/cppm-homework-06.03/CMakeScripts/ReRunCMake.make\nfi\nif test \"$CONFIGURATION\" = \"MinSizeRel\"; then :\n  cd /Users/a/Desktop/Programming/Netology/cppm-homeworks/cppm-homework_06/cppm-homework-06.03\n  make -f /Users/a/Desktop/Programming/Netology/cppm-homeworks/cppm-homework_06/cppm-homework-06.03/CMakeScripts/ReRunCMake.make\nfi\nif test \"$CONFIGURATION\" = \"RelWithDebInfo\"; then :\n  cd /Users/a/Desktop/Programming/Netology/cppm-homeworks/cppm-homework_06/cppm-homework-06.03\n  make -f /Users/a/Desktop/Programming/Netology/cppm-homeworks/cppm-homework_06/cppm-homework-06.03/CMakeScripts/ReRunCMake.make\nfi\n";
			showEnvVarsInLog = 0;
		};
/* End PBXShellScriptBuildPhase section */

/* Begin PBXSourcesBuildPhase section */
		EB28709FF79145458072EEE3 /* Sources */ = {
			isa = PBXSourcesBuildPhase;
			buildActionMask = 2147483647;
			files = (
				ED90C5E060DB4AC5AFAD9DDF /* equilateral_triangle.cpp in Sources */,
				C0469F0FDB7C4830A208C561 /* isosceles_triangle.cpp in Sources */,
				3DD11597EA774AFFBBEF22A4 /* parallelogram.cpp in Sources */,
				00343F5A2B251A440058A1D7 /* main.cpp in Sources */,
				522B54DE9FEF45D98AB4C054 /* quadrilateral.cpp in Sources */,
				01CD6B02E7E747B98A77F80F /* rectangle.cpp in Sources */,
				65DDC4F3E1A54B29A98B195C /* rhomb.cpp in Sources */,
				DAEB51B033D44330875AC2EB /* right_triangle.cpp in Sources */,
				00343F632B251C620058A1D7 /* figure.cpp in Sources */,
				077B44F984534B299F594EC1 /* square.cpp in Sources */,
				C51CA8CA188943BBB39A6B26 /* triangle.cpp in Sources */,
			);
			runOnlyForDeploymentPostprocessing = 0;
		};
/* End PBXSourcesBuildPhase section */

/* Begin PBXTargetDependency section */
		0C89565BED7E4B12BC81FED1 /* PBXTargetDependency */ = {
			isa = PBXTargetDependency;
			target = DBE4D5EA77E3498E83D3178F /* ZERO_CHECK */;
			targetProxy = F3B0DE912EBD4961ABBBD957 /* PBXContainerItemProxy */;
		};
		ABF3F170CD3848079319F65C /* PBXTargetDependency */ = {
			isa = PBXTargetDependency;
			target = DBE4D5EA77E3498E83D3178F /* ZERO_CHECK */;
			targetProxy = D79B14EE5D5E4B89B808172E /* PBXContainerItemProxy */;
		};
		D1695CFFDF214740BC37C072 /* PBXTargetDependency */ = {
			isa = PBXTargetDependency;
			target = FB835F4882B44F77A489FF6B /* main.cpp */;
			targetProxy = 6B2343D34C5E41AAB10169FC /* PBXContainerItemProxy */;
		};
/* End PBXTargetDependency section */

/* Begin XCBuildConfiguration section */
		09986C003C2246419ABC41A3 /* Release */ = {
			isa = XCBuildConfiguration;
			buildSettings = {
				ARCHS = "$(NATIVE_ARCH_ACTUAL)";
				MACOSX_DEPLOYMENT_TARGET = 12.7;
				ONLY_ACTIVE_ARCH = YES;
				SDKROOT = /Applications/Xcode.app/Contents/Developer/Platforms/MacOSX.platform/Developer/SDKs/MacOSX13.1.sdk;
				SWIFT_COMPILATION_MODE = wholemodule;
				SYMROOT = "/Users/a/Desktop/Programming/Netology/cppm-homeworks/cppm-homework_06/cppm-homework-06.03/build";
			};
			name = Release;
		};
		1B7383292F8346A9B427AFED /* Debug */ = {
			isa = XCBuildConfiguration;
			buildSettings = {
				ALWAYS_SEARCH_USER_PATHS = NO;
				COMBINE_HIDPI_IMAGES = YES;
				CONFIGURATION_BUILD_DIR = "/Users/a/Desktop/Programming/Netology/cppm-homeworks/cppm-homework_06/cppm-homework-06.03/Debug";
				EXECUTABLE_PREFIX = "";
				EXECUTABLE_SUFFIX = "";
				GCC_GENERATE_DEBUGGING_SYMBOLS = YES;
				GCC_INLINES_ARE_PRIVATE_EXTERN = NO;
				GCC_OPTIMIZATION_LEVEL = 0;
				GCC_PREPROCESSOR_DEFINITIONS = (
					"'CMAKE_INTDIR=\"$(CONFIGURATION)$(EFFECTIVE_PLATFORM_NAME)\"'",
					"$(inherited)",
				);
				GCC_SYMBOLS_PRIVATE_EXTERN = NO;
				INSTALL_PATH = "";
				OTHER_CPLUSPLUSFLAGS = "   ";
				OTHER_LDFLAGS = (
					"-Wl,-search_paths_first",
					"-Wl,-headerpad_max_install_names",
					"$(inherited)",
				);
				OTHER_REZFLAGS = "";
				PRODUCT_NAME = main.cpp;
				SECTORDER_FLAGS = "";
				TARGET_TEMP_DIR = "/Users/a/Desktop/Programming/Netology/cppm-homeworks/cppm-homework_06/cppm-homework-06.03/build/main.cpp.build/$(CONFIGURATION)$(EFFECTIVE_PLATFORM_NAME)";
				USE_HEADERMAP = NO;
				WARNING_CFLAGS = "$(inherited)";
			};
			name = Debug;
		};
		3090259E9F1B434BB5F8262E /* Release */ = {
			isa = XCBuildConfiguration;
			buildSettings = {
				ALWAYS_SEARCH_USER_PATHS = NO;
				COMBINE_HIDPI_IMAGES = YES;
				GCC_GENERATE_DEBUGGING_SYMBOLS = YES;
				GCC_INLINES_ARE_PRIVATE_EXTERN = NO;
				GCC_OPTIMIZATION_LEVEL = 0;
				GCC_PREPROCESSOR_DEFINITIONS = (
					"'CMAKE_INTDIR=\"$(CONFIGURATION)$(EFFECTIVE_PLATFORM_NAME)\"'",
					"$(inherited)",
				);
				GCC_SYMBOLS_PRIVATE_EXTERN = NO;
				INSTALL_PATH = "";
				OTHER_LDFLAGS = " $(inherited)";
				OTHER_REZFLAGS = "";
				PRODUCT_NAME = ALL_BUILD;
				SECTORDER_FLAGS = "";
				USE_HEADERMAP = NO;
				WARNING_CFLAGS = "$(inherited)";
			};
			name = Release;
		};
		4D86D71DF74349CB8A1A0947 /* MinSizeRel */ = {
			isa = XCBuildConfiguration;
			buildSettings = {
				ALWAYS_SEARCH_USER_PATHS = NO;
				COMBINE_HIDPI_IMAGES = YES;
				CONFIGURATION_BUILD_DIR = "/Users/a/Desktop/Programming/Netology/cppm-homeworks/cppm-homework_06/cppm-homework-06.03/MinSizeRel";
				EXECUTABLE_PREFIX = "";
				EXECUTABLE_SUFFIX = "";
				GCC_GENERATE_DEBUGGING_SYMBOLS = NO;
				GCC_INLINES_ARE_PRIVATE_EXTERN = NO;
				GCC_OPTIMIZATION_LEVEL = s;
				GCC_PREPROCESSOR_DEFINITIONS = (
					"'CMAKE_INTDIR=\"$(CONFIGURATION)$(EFFECTIVE_PLATFORM_NAME)\"'",
					"$(inherited)",
				);
				GCC_SYMBOLS_PRIVATE_EXTERN = NO;
				INSTALL_PATH = "";
				OTHER_CPLUSPLUSFLAGS = "    -DNDEBUG ";
				OTHER_LDFLAGS = (
					"-Wl,-search_paths_first",
					"-Wl,-headerpad_max_install_names",
					"$(inherited)",
				);
				OTHER_REZFLAGS = "";
				PRODUCT_NAME = main.cpp;
				SECTORDER_FLAGS = "";
				TARGET_TEMP_DIR = "/Users/a/Desktop/Programming/Netology/cppm-homeworks/cppm-homework_06/cppm-homework-06.03/build/main.cpp.build/$(CONFIGURATION)$(EFFECTIVE_PLATFORM_NAME)";
				USE_HEADERMAP = NO;
				WARNING_CFLAGS = "$(inherited)";
			};
			name = MinSizeRel;
		};
		73AC3A2286164968A943FF51 /* MinSizeRel */ = {
			isa = XCBuildConfiguration;
			buildSettings = {
				ALWAYS_SEARCH_USER_PATHS = NO;
				COMBINE_HIDPI_IMAGES = YES;
				GCC_GENERATE_DEBUGGING_SYMBOLS = YES;
				GCC_INLINES_ARE_PRIVATE_EXTERN = NO;
				GCC_OPTIMIZATION_LEVEL = 0;
				GCC_PREPROCESSOR_DEFINITIONS = (
					"'CMAKE_INTDIR=\"$(CONFIGURATION)$(EFFECTIVE_PLATFORM_NAME)\"'",
					"$(inherited)",
				);
				GCC_SYMBOLS_PRIVATE_EXTERN = NO;
				INSTALL_PATH = "";
				OTHER_LDFLAGS = " $(inherited)";
				OTHER_REZFLAGS = "";
				PRODUCT_NAME = ALL_BUILD;
				SECTORDER_FLAGS = "";
				USE_HEADERMAP = NO;
				WARNING_CFLAGS = "$(inherited)";
			};
			name = MinSizeRel;
		};
		7801B199DF424495BA71AC08 /* RelWithDebInfo */ = {
			isa = XCBuildConfiguration;
			buildSettings = {
				ALWAYS_SEARCH_USER_PATHS = NO;
				COMBINE_HIDPI_IMAGES = YES;
				GCC_GENERATE_DEBUGGING_SYMBOLS = YES;
				GCC_INLINES_ARE_PRIVATE_EXTERN = NO;
				GCC_OPTIMIZATION_LEVEL = 0;
				GCC_PREPROCESSOR_DEFINITIONS = (
					"'CMAKE_INTDIR=\"$(CONFIGURATION)$(EFFECTIVE_PLATFORM_NAME)\"'",
					"$(inherited)",
				);
				GCC_SYMBOLS_PRIVATE_EXTERN = NO;
				INSTALL_PATH = "";
				OTHER_LDFLAGS = " $(inherited)";
				OTHER_REZFLAGS = "";
				PRODUCT_NAME = ALL_BUILD;
				SECTORDER_FLAGS = "";
				USE_HEADERMAP = NO;
				WARNING_CFLAGS = "$(inherited)";
			};
			name = RelWithDebInfo;
		};
		8DFD2FFBE1294AAEA3F2B073 /* RelWithDebInfo */ = {
			isa = XCBuildConfiguration;
			buildSettings = {
				ALWAYS_SEARCH_USER_PATHS = NO;
				COMBINE_HIDPI_IMAGES = YES;
				GCC_GENERATE_DEBUGGING_SYMBOLS = YES;
				GCC_INLINES_ARE_PRIVATE_EXTERN = NO;
				GCC_OPTIMIZATION_LEVEL = 0;
				GCC_PREPROCESSOR_DEFINITIONS = (
					"'CMAKE_INTDIR=\"$(CONFIGURATION)$(EFFECTIVE_PLATFORM_NAME)\"'",
					"$(inherited)",
				);
				GCC_SYMBOLS_PRIVATE_EXTERN = NO;
				INSTALL_PATH = "";
				OTHER_LDFLAGS = " $(inherited)";
				OTHER_REZFLAGS = "";
				PRODUCT_NAME = ZERO_CHECK;
				SECTORDER_FLAGS = "";
				USE_HEADERMAP = NO;
				WARNING_CFLAGS = "$(inherited)";
			};
			name = RelWithDebInfo;
		};
		DD159807EA5540558D6BA5EB /* MinSizeRel */ = {
			isa = XCBuildConfiguration;
			buildSettings = {
				ARCHS = "$(NATIVE_ARCH_ACTUAL)";
				MACOSX_DEPLOYMENT_TARGET = 12.7;
				ONLY_ACTIVE_ARCH = YES;
				SDKROOT = /Applications/Xcode.app/Contents/Developer/Platforms/MacOSX.platform/Developer/SDKs/MacOSX13.1.sdk;
				SWIFT_COMPILATION_MODE = wholemodule;
				SYMROOT = "/Users/a/Desktop/Programming/Netology/cppm-homeworks/cppm-homework_06/cppm-homework-06.03/build";
			};
			name = MinSizeRel;
		};
		DE9DF475172342AF9CD07EFC /* RelWithDebInfo */ = {
			isa = XCBuildConfiguration;
			buildSettings = {
				ARCHS = "$(NATIVE_ARCH_ACTUAL)";
				MACOSX_DEPLOYMENT_TARGET = 12.7;
				ONLY_ACTIVE_ARCH = YES;
				SDKROOT = /Applications/Xcode.app/Contents/Developer/Platforms/MacOSX.platform/Developer/SDKs/MacOSX13.1.sdk;
				SWIFT_COMPILATION_MODE = wholemodule;
				SYMROOT = "/Users/a/Desktop/Programming/Netology/cppm-homeworks/cppm-homework_06/cppm-homework-06.03/build";
			};
			name = RelWithDebInfo;
		};
		E0F62AF92CC142DEA1C6D1D8 /* Debug */ = {
			isa = XCBuildConfiguration;
			buildSettings = {
				ALWAYS_SEARCH_USER_PATHS = NO;
				COMBINE_HIDPI_IMAGES = YES;
				GCC_GENERATE_DEBUGGING_SYMBOLS = YES;
				GCC_INLINES_ARE_PRIVATE_EXTERN = NO;
				GCC_OPTIMIZATION_LEVEL = 0;
				GCC_PREPROCESSOR_DEFINITIONS = (
					"'CMAKE_INTDIR=\"$(CONFIGURATION)$(EFFECTIVE_PLATFORM_NAME)\"'",
					"$(inherited)",
				);
				GCC_SYMBOLS_PRIVATE_EXTERN = NO;
				INSTALL_PATH = "";
				OTHER_LDFLAGS = " $(inherited)";
				OTHER_REZFLAGS = "";
				PRODUCT_NAME = ZERO_CHECK;
				SECTORDER_FLAGS = "";
				USE_HEADERMAP = NO;
				WARNING_CFLAGS = "$(inherited)";
			};
			name = Debug;
		};
		E2289479CAC34711821A60F2 /* Release */ = {
			isa = XCBuildConfiguration;
			buildSettings = {
				ALWAYS_SEARCH_USER_PATHS = NO;
				COMBINE_HIDPI_IMAGES = YES;
				GCC_GENERATE_DEBUGGING_SYMBOLS = YES;
				GCC_INLINES_ARE_PRIVATE_EXTERN = NO;
				GCC_OPTIMIZATION_LEVEL = 0;
				GCC_PREPROCESSOR_DEFINITIONS = (
					"'CMAKE_INTDIR=\"$(CONFIGURATION)$(EFFECTIVE_PLATFORM_NAME)\"'",
					"$(inherited)",
				);
				GCC_SYMBOLS_PRIVATE_EXTERN = NO;
				INSTALL_PATH = "";
				OTHER_LDFLAGS = " $(inherited)";
				OTHER_REZFLAGS = "";
				PRODUCT_NAME = ZERO_CHECK;
				SECTORDER_FLAGS = "";
				USE_HEADERMAP = NO;
				WARNING_CFLAGS = "$(inherited)";
			};
			name = Release;
		};
		E4F68726EA8840E49C2A8E35 /* Debug */ = {
			isa = XCBuildConfiguration;
			buildSettings = {
				ARCHS = "$(NATIVE_ARCH_ACTUAL)";
				MACOSX_DEPLOYMENT_TARGET = 12.7;
				ONLY_ACTIVE_ARCH = YES;
				SDKROOT = /Applications/Xcode.app/Contents/Developer/Platforms/MacOSX.platform/Developer/SDKs/MacOSX13.1.sdk;
				SYMROOT = "/Users/a/Desktop/Programming/Netology/cppm-homeworks/cppm-homework_06/cppm-homework-06.03/build";
			};
			name = Debug;
		};
		F7A2D9DCFC874877981CF42B /* Debug */ = {
			isa = XCBuildConfiguration;
			buildSettings = {
				ALWAYS_SEARCH_USER_PATHS = NO;
				COMBINE_HIDPI_IMAGES = YES;
				GCC_GENERATE_DEBUGGING_SYMBOLS = YES;
				GCC_INLINES_ARE_PRIVATE_EXTERN = NO;
				GCC_OPTIMIZATION_LEVEL = 0;
				GCC_PREPROCESSOR_DEFINITIONS = (
					"'CMAKE_INTDIR=\"$(CONFIGURATION)$(EFFECTIVE_PLATFORM_NAME)\"'",
					"$(inherited)",
				);
				GCC_SYMBOLS_PRIVATE_EXTERN = NO;
				INSTALL_PATH = "";
				OTHER_LDFLAGS = " $(inherited)";
				OTHER_REZFLAGS = "";
				PRODUCT_NAME = ALL_BUILD;
				SECTORDER_FLAGS = "";
				USE_HEADERMAP = NO;
				WARNING_CFLAGS = "$(inherited)";
			};
			name = Debug;
		};
		F7F5980D36E14540A3EC6A4D /* Release */ = {
			isa = XCBuildConfiguration;
			buildSettings = {
				ALWAYS_SEARCH_USER_PATHS = NO;
				COMBINE_HIDPI_IMAGES = YES;
				CONFIGURATION_BUILD_DIR = "/Users/a/Desktop/Programming/Netology/cppm-homeworks/cppm-homework_06/cppm-homework-06.03/Release";
				EXECUTABLE_PREFIX = "";
				EXECUTABLE_SUFFIX = "";
				GCC_GENERATE_DEBUGGING_SYMBOLS = NO;
				GCC_INLINES_ARE_PRIVATE_EXTERN = NO;
				GCC_OPTIMIZATION_LEVEL = 3;
				GCC_PREPROCESSOR_DEFINITIONS = (
					"'CMAKE_INTDIR=\"$(CONFIGURATION)$(EFFECTIVE_PLATFORM_NAME)\"'",
					"$(inherited)",
				);
				GCC_SYMBOLS_PRIVATE_EXTERN = NO;
				INSTALL_PATH = "";
				OTHER_CPLUSPLUSFLAGS = "    -DNDEBUG ";
				OTHER_LDFLAGS = (
					"-Wl,-search_paths_first",
					"-Wl,-headerpad_max_install_names",
					"$(inherited)",
				);
				OTHER_REZFLAGS = "";
				PRODUCT_NAME = main.cpp;
				SECTORDER_FLAGS = "";
				TARGET_TEMP_DIR = "/Users/a/Desktop/Programming/Netology/cppm-homeworks/cppm-homework_06/cppm-homework-06.03/build/main.cpp.build/$(CONFIGURATION)$(EFFECTIVE_PLATFORM_NAME)";
				USE_HEADERMAP = NO;
				WARNING_CFLAGS = "$(inherited)";
			};
			name = Release;
		};
		F92DB51833754D81B91CA16C /* RelWithDebInfo */ = {
			isa = XCBuildConfiguration;
			buildSettings = {
				ALWAYS_SEARCH_USER_PATHS = NO;
				COMBINE_HIDPI_IMAGES = YES;
				CONFIGURATION_BUILD_DIR = "/Users/a/Desktop/Programming/Netology/cppm-homeworks/cppm-homework_06/cppm-homework-06.03/RelWithDebInfo";
				EXECUTABLE_PREFIX = "";
				EXECUTABLE_SUFFIX = "";
				GCC_GENERATE_DEBUGGING_SYMBOLS = YES;
				GCC_INLINES_ARE_PRIVATE_EXTERN = NO;
				GCC_OPTIMIZATION_LEVEL = 2;
				GCC_PREPROCESSOR_DEFINITIONS = (
					"'CMAKE_INTDIR=\"$(CONFIGURATION)$(EFFECTIVE_PLATFORM_NAME)\"'",
					"$(inherited)",
				);
				GCC_SYMBOLS_PRIVATE_EXTERN = NO;
				INSTALL_PATH = "";
				OTHER_CPLUSPLUSFLAGS = "       -DNDEBUG ";
				OTHER_LDFLAGS = (
					"-Wl,-search_paths_first",
					"-Wl,-headerpad_max_install_names",
					"$(inherited)",
				);
				OTHER_REZFLAGS = "";
				PRODUCT_NAME = main.cpp;
				SECTORDER_FLAGS = "";
				TARGET_TEMP_DIR = "/Users/a/Desktop/Programming/Netology/cppm-homeworks/cppm-homework_06/cppm-homework-06.03/build/main.cpp.build/$(CONFIGURATION)$(EFFECTIVE_PLATFORM_NAME)";
				USE_HEADERMAP = NO;
				WARNING_CFLAGS = "$(inherited)";
			};
			name = RelWithDebInfo;
		};
		FD51053C056940A68F4FCB0F /* MinSizeRel */ = {
			isa = XCBuildConfiguration;
			buildSettings = {
				ALWAYS_SEARCH_USER_PATHS = NO;
				COMBINE_HIDPI_IMAGES = YES;
				GCC_GENERATE_DEBUGGING_SYMBOLS = YES;
				GCC_INLINES_ARE_PRIVATE_EXTERN = NO;
				GCC_OPTIMIZATION_LEVEL = 0;
				GCC_PREPROCESSOR_DEFINITIONS = (
					"'CMAKE_INTDIR=\"$(CONFIGURATION)$(EFFECTIVE_PLATFORM_NAME)\"'",
					"$(inherited)",
				);
				GCC_SYMBOLS_PRIVATE_EXTERN = NO;
				INSTALL_PATH = "";
				OTHER_LDFLAGS = " $(inherited)";
				OTHER_REZFLAGS = "";
				PRODUCT_NAME = ZERO_CHECK;
				SECTORDER_FLAGS = "";
				USE_HEADERMAP = NO;
				WARNING_CFLAGS = "$(inherited)";
			};
			name = MinSizeRel;
		};
/* End XCBuildConfiguration section */

/* Begin XCConfigurationList section */
		52158807FFD94E0297315FC2 /* Build configuration list for PBXAggregateTarget "ALL_BUILD" */ = {
			isa = XCConfigurationList;
			buildConfigurations = (
				F7A2D9DCFC874877981CF42B /* Debug */,
				3090259E9F1B434BB5F8262E /* Release */,
				73AC3A2286164968A943FF51 /* MinSizeRel */,
				7801B199DF424495BA71AC08 /* RelWithDebInfo */,
			);
			defaultConfigurationIsVisible = 0;
			defaultConfigurationName = Debug;
		};
		5312369B597B4CE1A5E8F9D0 /* Build configuration list for PBXProject "cppm-homework-06.03" */ = {
			isa = XCConfigurationList;
			buildConfigurations = (
				E4F68726EA8840E49C2A8E35 /* Debug */,
				09986C003C2246419ABC41A3 /* Release */,
				DD159807EA5540558D6BA5EB /* MinSizeRel */,
				DE9DF475172342AF9CD07EFC /* RelWithDebInfo */,
			);
			defaultConfigurationIsVisible = 0;
			defaultConfigurationName = Debug;
		};
		7571D7C92AF7454E8BD43C64 /* Build configuration list for PBXNativeTarget "main.cpp" */ = {
			isa = XCConfigurationList;
			buildConfigurations = (
				1B7383292F8346A9B427AFED /* Debug */,
				F7F5980D36E14540A3EC6A4D /* Release */,
				4D86D71DF74349CB8A1A0947 /* MinSizeRel */,
				F92DB51833754D81B91CA16C /* RelWithDebInfo */,
			);
			defaultConfigurationIsVisible = 0;
			defaultConfigurationName = Debug;
		};
		E783FB9E3E18427592A99D09 /* Build configuration list for PBXAggregateTarget "ZERO_CHECK" */ = {
			isa = XCConfigurationList;
			buildConfigurations = (
				E0F62AF92CC142DEA1C6D1D8 /* Debug */,
				E2289479CAC34711821A60F2 /* Release */,
				FD51053C056940A68F4FCB0F /* MinSizeRel */,
				8DFD2FFBE1294AAEA3F2B073 /* RelWithDebInfo */,
			);
			defaultConfigurationIsVisible = 0;
			defaultConfigurationName = Debug;
		};
/* End XCConfigurationList section */
	};
	rootObject = FB16A2B53FE04F61BBBD66EF /* Project object */;
}
